
Microsoft Visual Studio Solution File, Format Version 12.00
# Visual Studio Version 17
VisualStudioVersion = 17.0.31919.166
MinimumVisualStudioVersion = 10.0.40219.1
Project("{FAE04EC0-301F-11D3-BF4B-00C04F79EFBC}") = "MandarineSmell", "MandarineSmell\MandarineSmell.csproj", "{9C1731A9-C409-4006-9AE3-DB5ABC4C4097}"
EndProject
Global
	GlobalSection(SolutionConfigurationPlatforms) = preSolution
		Debug|Any CPU = Debug|Any CPU
		Release|Any CPU = Release|Any CPU
	EndGlobalSection
	GlobalSection(ProjectConfigurationPlatforms) = postSolution
		{9C1731A9-C409-4006-9AE3-DB5ABC4C4097}.Debug|Any CPU.ActiveCfg = Debug|Any CPU
		{9C1731A9-C409-4006-9AE3-DB5ABC4C4097}.Debug|Any CPU.Build.0 = Debug|Any CPU
		{9C1731A9-C409-4006-9AE3-DB5ABC4C4097}.Release|Any CPU.ActiveCfg = Release|Any CPU
		{9C1731A9-C409-4006-9AE3-DB5ABC4C4097}.Release|Any CPU.Build.0 = Release|Any CPU
	EndGlobalSection
	GlobalSection(SolutionProperties) = preSolution
		HideSolutionNode = FALSE
	EndGlobalSection
	GlobalSection(ExtensibilityGlobals) = postSolution
		SolutionGuid = {6D176C30-D8F9-4B38-BD62-BB0F07E37D0E}
	EndGlobalSection
EndGlobal
